version = 1
revision = 3
requires-python = ">=3.12"

[[package]]
name = "et-xmlfile"
version = "2.0.0"
source = { registry = "https://pypi.org/simple" }
sdist = { url = "https://files.pythonhosted.org/packages/d3/38/af70d7ab1ae9d4da450eeec1fa3918940a5fafb9055e934af8d6eb0c2313/et_xmlfile-2.0.0.tar.gz", hash = "sha256:dab3f4764309081ce75662649be815c4c9081e88f0837825f90fd28317d4da54", size = 17234, upload-time = "2024-10-25T17:25:40.039Z" }
wheels = [
    { url = "https://files.pythonhosted.org/packages/c1/8b/5fe2cc11fee489817272089c4203e679c63b570a5aaeb18d852ae3cbba6a/et_xmlfile-2.0.0-py3-none-any.whl", hash = "sha256:7a91720bc756843502c3b7504c77b8fe44217c85c537d85037f0f536151b2caa", size = 18059, upload-time = "2024-10-25T17:25:39.051Z" },
]

[[package]]
name = "h3"
version = "4.5.0"
source = { registry = "https://pypi.org/simple" }
sdist = { url = "https://files.pythonhosted.org/packages/2d/1c/12f1e2842d6493de4dd8244538c30a556712e9a6b25c5151a0e0e522a67e/h3-4.5.0.tar.gz", hash = "sha256:a1e279a1674fc799445c710e35bc4b1b388a406c881d8b5e59a9b8bebeb5bb43", size = 180838, upload-time = "2026-05-30T00:59:24.988Z" }
wheels = [
    { url = "https://files.pythonhosted.org/packages/00/63/1acc39ba0fc4b8ba7786662d7b5800a2b12653d64c6658e7293f6821abd3/h3-4.5.0-cp312-cp312-macosx_11_0_arm64.whl", hash = "sha256:c1ae8f31981cf0dbdae15f1cc817ec30b6bbec7f27461cb28a0e1eb1794360d0", size = 848134, upload-time = "2026-05-30T00:59:00.271Z" },
    { url = "https://files.pythonhosted.org/packages/3c/73/f7d5c3c4e0853726ac3d2c20d2b6789fa4a6d753c228541cb1929317defa/h3-4.5.0-cp312-cp312-manylinux2014_aarch64.manylinux_2_17_aarch64.manylinux_2_28_aarch64.whl", hash = "sha256:ebe9875778d240d7ac37496b66d89abecb7e0090977e5f1e20d0caf63e513223", size = 1012325, upload-time = "2026-05-30T00:59:01.579Z" },
    { url = "https://files.pythonhosted.org/packages/87/e3/afe081686e549a82cc13a38c6e24b97eb3de939521979f0dde9c921c5154/h3-4.5.0-cp312-cp312-manylinux2014_x86_64.manylinux_2_17_x86_64.manylinux_2_28_x86_64.whl", hash = "sha256:583c3c42b3fa3576649c658f24beba080655159e724ecd1d6204b185df9eb4f6", size = 1063388, upload-time = "2026-05-30T00:59:02.889Z" },
    { url = "https://files.pythonhosted.org/packages/70/82/6c027ef04717fd4dd1d3897086d7706c29372ddd51e78319ec4fcb5f2cfc/h3-4.5.0-cp312-cp312-musllinux_1_2_x86_64.whl", hash = "sha256:551907d1ee01b5fee599da4ce1c41b054c64e8b20221094caf8e52caeb5d30bb", size = 1072924, upload-time = "2026-05-30T00:59:04.202Z" },
    { url = "https://files.pythonhosted.org/packages/74/5b/0e4f0c4f02414166aa0c96dd84b215f23c68e09bf36e4ede55f50ee250f7/h3-4.5.0-cp312-cp312-win_amd64.whl", hash = "sha256:f2cc7ed2e2370a67393b791972dab107eca4e14c5bfa96558e1c9ec8a501af6e", size = 806067, upload-time = "2026-05-30T00:59:05.324Z" },
    { url = "https://files.pythonhosted.org/packages/33/08/ea0ef498971cf2e5821074f7dff80a9a2992417c78ff9141979f2d49d259/h3-4.5.0-cp312-cp312-win_arm64.whl", hash = "sha256:260220ea216acda378bac481b26d414fab2d88bb724fe3fc3d6d0d764a2b16bd", size = 720045, upload-time = "2026-05-30T00:59:06.287Z" },
    { url = "https://files.pythonhosted.org/packages/a3/a9/bb36156db3a1f9eebb27de9c72d1229c69a643bc5bf9f59cbc05a8b0a634/h3-4.5.0-cp313-cp313-macosx_11_0_arm64.whl", hash = "sha256:44f9eee75985ecf06af82cfbce5fe7a0fd1cae73bee53d15155fe8fdb165578a", size = 843578, upload-time = "2026-05-30T00:59:07.415Z" },
    { url = "https://files.pythonhosted.org/packages/00/d0/4256f2515f8dd1a322e95a7a5f4174ecc405098f8b217d1d29767989c171/h3-4.5.0-cp313-cp313-manylinux2014_aarch64.manylinux_2_17_aarch64.manylinux_2_28_aarch64.whl", hash = "sha256:bf8fe70eef1c122e7465f3b9c57f793fa1a6885cf067be3a83423c0f30c0d80c", size = 1007119, upload-time = "2026-05-30T00:59:08.629Z" },
    { url = "https://files.pythonhosted.org/packages/eb/37/a60d26681ac540788c4ef656960084c9cbf4c24657f7e7347f07e97ba27f/h3-4.5.0-cp313-cp313-manylinux2014_x86_64.manylinux_2_17_x86_64.manylinux_2_28_x86_64.whl", hash = "sha256:df23f9ff0a9ff9c6195f48ebc8fb8fc6d50c2025ec37649991749d5282a2950f", size = 1059523, upload-time = "2026-05-30T00:59:09.854Z" },
    { url = "https://files.pythonhosted.org/packages/de/76/6e2eab23667a6ee153e3c369fb6fb793d4b09c81030495da989e8e5bf66d/h3-4.5.0-cp313-cp313-musllinux_1_2_x86_64.whl", hash = "sha256:4e8af93363b9b14fe1797a2557b22bb158b1be7696f145ea8ee6f8b9315860fa", size = 1069134, upload-time = "2026-05-30T00:59:11.235Z" },
    { url = "https://files.pythonhosted.org/packages/63/15/338b4d4bb427999463b91c32c81a37b7cd16c8d94605a5a98e3d1149e459/h3-4.5.0-cp313-cp313-win_amd64.whl", hash = "sha256:7b5ee5185d7fe5126d67a85d1bc1033bdb932e579e2b948eaaec08a43b6b40c1", size = 803357, upload-time = "2026-05-30T00:59:12.341Z" },
    { url = "https://files.pythonhosted.org/packages/67/d8/d2454a2cdccfd011c9584db75d67e8b7e313f176891713059d743db2d5f1/h3-4.5.0-cp313-cp313-win_arm64.whl", hash = "sha256:1ef3d069afa78988fb221574ab75cab35117651247e955633efe6cb89d635c00", size = 718284, upload-time = "2026-05-30T00:59:13.582Z" },
    { url = "https://files.pythonhosted.org/packages/a2/9a/d270563a3aac0700f38dfc167f3cd3f7dad80290faa277692a28e3d0b57d/h3-4.5.0-cp314-cp314-macosx_11_0_arm64.whl", hash = "sha256:74dbc558a10177a7b63d307d85d53c94b10408b253291961235f33d7714986c2", size = 847869, upload-time = "2026-05-30T00:59:14.887Z" },
    { url = "https://files.pythonhosted.org/packages/55/6e/8ab33def9888aaf724b7fba3b6027fcf99c4262fc61e5b3d4a123e428d49/h3-4.5.0-cp314-cp314-manylinux2014_aarch64.manylinux_2_17_aarch64.manylinux_2_28_aarch64.whl", hash = "sha256:0b17cf243923e9554ba4d8c6a5b5ade3cf302751155edbc2cc5821e7dc859dea", size = 1015860, upload-time = "2026-05-30T00:59:15.958Z" },
    { url = "https://files.pythonhosted.org/packages/de/b0/35103fd89f16e9f11dd310c7b16e0da9603711852c8e0d343fdf95a9200e/h3-4.5.0-cp314-cp314-manylinux2014_x86_64.manylinux_2_17_x86_64.manylinux_2_28_x86_64.whl", hash = "sha256:1bb5ac89a494fa8e4c1594b77ed8a18419b95513c3e586ce1189606df54a38a8", size = 1062200, upload-time = "2026-05-30T00:59:17.282Z" },
    { url = "https://files.pythonhosted.org/packages/03/3b/cba32deaacf80f9135dc9457359df4c9b0fcfc920a5789798386afda7959/h3-4.5.0-cp314-cp314-musllinux_1_2_x86_64.whl", hash = "sha256:463e8d59dbc65570d1cbce1bd3799ab1be7b2e8123af88586ed314fbf50cb6b5", size = 1071525, upload-time = "2026-05-30T00:59:18.321Z" },
    { url = "https://files.pythonhosted.org/packages/7c/88/030152f50ee8bd3cefe9c05dbb1d247eb98e959bfd071057d0b139581e0f/h3-4.5.0-cp314-cp314-win_amd64.whl", hash = "sha256:3870b4fbd9e302e550a811d10b57f4e42074a3b9e39bed1281761486153cd37b", size = 822798, upload-time = "2026-05-30T00:59:19.442Z" },
    { url = "https://files.pythonhosted.org/packages/b9/b8/772ad03138c09b17196ff6d93c5e476e1b50d41ec4194f99cfc5db5f98b3/h3-4.5.0-cp314-cp314-win_arm64.whl", hash = "sha256:9657dddd0de99a24f4cd3d0cc409648b2ed5b9c0fbc202149615a5419a119e08", size = 740487, upload-time = "2026-05-30T00:59:20.513Z" },
    { url = "https://files.pythonhosted.org/packages/80/94/352deb26f5bd6d779d938bd5812e4ef97cedbd5412211c1d126fc696e833/h3-4.5.0-cp314-cp314t-macosx_11_0_arm64.whl", hash = "sha256:70d125d0dc70daabaf241267eb9cc7cba97b25b22370ebb8e12d68ff8a49f227", size = 889263, upload-time = "2026-05-30T00:59:21.756Z" },
    { url = "https://files.pythonhosted.org/packages/da/1a/6a782f2ac00a1b3defbefadf5751ccbdf6263e75313210f35c301aa6a80a/h3-4.5.0-cp314-cp314t-manylinux2014_x86_64.manylinux_2_17_x86_64.manylinux_2_28_x86_64.whl", hash = "sha256:d031c922c49ce047728ac698541c1e0535ee72fe821e5f73f5faaed50a7c899b", size = 1035944, upload-time = "2026-05-30T00:59:22.889Z" },
    { url = "https://files.pythonhosted.org/packages/2c/5d/555fd4373919e12e1289325388c2677a6bcd7e4f2a2ab87d50323a77c8a8/h3-4.5.0-cp314-cp314t-win_amd64.whl", hash = "sha256:3d3d8917adbc2f81a1b766f643f66857581617d03a73eab89bacf0935cb61305", size = 919737, upload-time = "2026-05-30T00:59:23.879Z" },
]

[[package]]
name = "openpyxl"
version = "3.1.5"
source = { registry = "https://pypi.org/simple" }
dependencies = [
    { name = "et-xmlfile" },
]
sdist = { url = "https://files.pythonhosted.org/packages/3d/f9/88d94a75de065ea32619465d2f77b29a0469500e99012523b91cc4141cd1/openpyxl-3.1.5.tar.gz", hash = "sha256:cf0e3cf56142039133628b5acffe8ef0c12bc902d2aadd3e0fe5878dc08d1050", size = 186464, upload-time = "2024-06-28T14:03:44.161Z" }
wheels = [
    { url = "https://files.pythonhosted.org/packages/c0/da/977ded879c29cbd04de313843e76868e6e13408a94ed6b987245dc7c8506/openpyxl-3.1.5-py2.py3-none-any.whl", hash = "sha256:5282c12b107bffeef825f4617dc029afaf41d0ea60823bbb665ef3079dc79de2", size = 250910, upload-time = "2024-06-28T14:03:41.161Z" },
]

[[package]]
name = "python-dotenv"
version = "1.2.3"
source = { registry = "https://pypi.org/simple" }
sdist = { url = "https://files.pythonhosted.org/packages/6a/53/ed9d74092561d4b01a2ef1349d52cdbc135e526c245f366b089cfca6de49/python_dotenv-1.2.3.tar.gz", hash = "sha256:a20a594dabeaa385725aa239d5244871c143ecb356add8a20fcf23773a6c3a35", size = 58945, upload-time = "2026-08-16T16:54:54.067Z" }
wheels = [
    { url = "https://files.pythonhosted.org/packages/0d/17/c5c6b53ddc18f297992099b3d9ec16c855c0ccc83263a21fe4d1c625ec6c/python_dotenv-1.2.3-py3-none-any.whl", hash = "sha256:904552145e8bfed22162c09dab1c2b9b54fefa7b23ba780f4f26ca0316b0f0d9", size = 22780, upload-time = "2026-08-16T16:54:52.473Z" },
]

[[package]]
name = "sydney-travel-time"
version = "0.1.0"
source = { virtual = "." }
dependencies = [
    { name = "h3" },
    { name = "openpyxl" },
    { name = "python-dotenv" },
]

[package.metadata]
requires-dist = [
    { name = "h3", specifier = ">=4.5.0" },
    { name = "openpyxl", specifier = ">=3.1.5" },
    { name = "python-dotenv", specifier = ">=1.2.3" },
]
